
Microsoft Visual Studio Solution File, Format Version 12.00
# Visual Studio Version 16
VisualStudioVersion = 16.0.30503.244
MinimumVisualStudioVersion = 10.0.40219.1
Project("{FAE04EC0-301F-11D3-BF4B-00C04F79EFBC}") = "Задача C", "Задача C\Задача C.csproj", "{29231DB7-44FB-4A97-BBAC-A875D40BF994}"
EndProject
Global
	GlobalSection(SolutionConfigurationPlatforms) = preSolution
		Debug|Any CPU = Debug|Any CPU
		Release|Any CPU = Release|Any CPU
	EndGlobalSection
	GlobalSection(ProjectConfigurationPlatforms) = postSolution
		{29231DB7-44FB-4A97-BBAC-A875D40BF994}.Debug|Any CPU.ActiveCfg = Debug|Any CPU
		{29231DB7-44FB-4A97-BBAC-A875D40BF994}.Debug|Any CPU.Build.0 = Debug|Any CPU
		{29231DB7-44FB-4A97-BBAC-A875D40BF994}.Release|Any CPU.ActiveCfg = Release|Any CPU
		{29231DB7-44FB-4A97-BBAC-A875D40BF994}.Release|Any CPU.Build.0 = Release|Any CPU
	EndGlobalSection
	GlobalSection(SolutionProperties) = preSolution
		HideSolutionNode = FALSE
	EndGlobalSection
	GlobalSection(ExtensibilityGlobals) = postSolution
		SolutionGuid = {B3947CBB-3717-46EC-B4A0-E12783669E3E}
	EndGlobalSection
EndGlobal
