
Microsoft Visual Studio Solution File, Format Version 12.00
# Visual Studio Version 16
VisualStudioVersion = 16.0.30907.101
MinimumVisualStudioVersion = 10.0.40219.1
Project("{FAE04EC0-301F-11D3-BF4B-00C04F79EFBC}") = "SharpWasher", "SharpWasher\SharpWasher\SharpWasher.csproj", "{BD6F58C5-09C0-4EE9-857C-ECCFD6280940}"
EndProject
Project("{2150E333-8FDC-42A3-9474-1A3956D46DE8}") = "SharpWasher_Folder", "SharpWasher_Folder", "{3999AE17-53F4-4CD7-92B4-F99D86173A99}"
EndProject
Project("{2150E333-8FDC-42A3-9474-1A3956D46DE8}") = "TImer_Folder", "TImer_Folder", "{1DB9BEDF-8F6D-4F0D-8F95-BF8D7B0778D9}"
EndProject
Project("{FAE04EC0-301F-11D3-BF4B-00C04F79EFBC}") = "Timer", "Timer\Timer\Timer.csproj", "{7D798693-285C-41C4-AAD3-B385FBA56A55}"
EndProject
Project("{2150E333-8FDC-42A3-9474-1A3956D46DE8}") = "Massives_Folder", "Massives_Folder", "{4F9773E4-9CA0-4A24-9BC9-E81EEBEC43AC}"
EndProject
Project("{FAE04EC0-301F-11D3-BF4B-00C04F79EFBC}") = "Massives", "Massives\Massives.csproj", "{26547F52-A0ED-4AF6-98F8-9AC298B49FF4}"
EndProject
Project("{2150E333-8FDC-42A3-9474-1A3956D46DE8}") = "InfinitieSeries_Folder", "InfinitieSeries_Folder", "{8878D4F4-D695-42A7-9C4B-2CC5B15D6900}"
EndProject
Project("{FAE04EC0-301F-11D3-BF4B-00C04F79EFBC}") = "InfinitieSeries", "InfinitieSeries\InfinitieSeries.csproj", "{65B0A665-A64C-4B51-900B-B84F608C923F}"
EndProject
Project("{2150E333-8FDC-42A3-9474-1A3956D46DE8}") = "IndividualTasks", "IndividualTasks", "{9D9058DE-5EE0-4B85-8840-55EA7C5725EB}"
EndProject
Project("{2150E333-8FDC-42A3-9474-1A3956D46DE8}") = "FirstTasks", "FirstTasks", "{CFD126E1-D006-4440-96AF-92900C7EBA9A}"
EndProject
Project("{FAE04EC0-301F-11D3-BF4B-00C04F79EFBC}") = "First task", "Individual Tasks\First task\First task.csproj", "{3FF29C53-1ABB-4641-B0CC-1C108C21ED19}"
EndProject
Project("{2150E333-8FDC-42A3-9474-1A3956D46DE8}") = "FirstTask_Folder", "FirstTask_Folder", "{0956D6FC-F3D7-4F7C-B700-BBB75FCF869C}"
EndProject
Project("{2150E333-8FDC-42A3-9474-1A3956D46DE8}") = "SecondTask_Folder", "SecondTask_Folder", "{64D15DF9-C24D-4990-BBCA-8D1683FD926D}"
EndProject
Project("{FAE04EC0-301F-11D3-BF4B-00C04F79EFBC}") = "Second Task", "Individual Tasks\Second Task\Second Task.csproj", "{6C3CA297-864C-4A1E-80DE-BE17BDC7460B}"
EndProject
Global
	GlobalSection(SolutionConfigurationPlatforms) = preSolution
		Debug|Any CPU = Debug|Any CPU
		Release|Any CPU = Release|Any CPU
	EndGlobalSection
	GlobalSection(ProjectConfigurationPlatforms) = postSolution
		{BD6F58C5-09C0-4EE9-857C-ECCFD6280940}.Debug|Any CPU.ActiveCfg = Debug|Any CPU
		{BD6F58C5-09C0-4EE9-857C-ECCFD6280940}.Debug|Any CPU.Build.0 = Debug|Any CPU
		{BD6F58C5-09C0-4EE9-857C-ECCFD6280940}.Release|Any CPU.ActiveCfg = Release|Any CPU
		{BD6F58C5-09C0-4EE9-857C-ECCFD6280940}.Release|Any CPU.Build.0 = Release|Any CPU
		{7D798693-285C-41C4-AAD3-B385FBA56A55}.Debug|Any CPU.ActiveCfg = Debug|Any CPU
		{7D798693-285C-41C4-AAD3-B385FBA56A55}.Debug|Any CPU.Build.0 = Debug|Any CPU
		{7D798693-285C-41C4-AAD3-B385FBA56A55}.Release|Any CPU.ActiveCfg = Release|Any CPU
		{7D798693-285C-41C4-AAD3-B385FBA56A55}.Release|Any CPU.Build.0 = Release|Any CPU
		{26547F52-A0ED-4AF6-98F8-9AC298B49FF4}.Debug|Any CPU.ActiveCfg = Debug|Any CPU
		{26547F52-A0ED-4AF6-98F8-9AC298B49FF4}.Debug|Any CPU.Build.0 = Debug|Any CPU
		{26547F52-A0ED-4AF6-98F8-9AC298B49FF4}.Release|Any CPU.ActiveCfg = Release|Any CPU
		{26547F52-A0ED-4AF6-98F8-9AC298B49FF4}.Release|Any CPU.Build.0 = Release|Any CPU
		{65B0A665-A64C-4B51-900B-B84F608C923F}.Debug|Any CPU.ActiveCfg = Debug|Any CPU
		{65B0A665-A64C-4B51-900B-B84F608C923F}.Debug|Any CPU.Build.0 = Debug|Any CPU
		{65B0A665-A64C-4B51-900B-B84F608C923F}.Release|Any CPU.ActiveCfg = Release|Any CPU
		{65B0A665-A64C-4B51-900B-B84F608C923F}.Release|Any CPU.Build.0 = Release|Any CPU
		{3FF29C53-1ABB-4641-B0CC-1C108C21ED19}.Debug|Any CPU.ActiveCfg = Debug|Any CPU
		{3FF29C53-1ABB-4641-B0CC-1C108C21ED19}.Debug|Any CPU.Build.0 = Debug|Any CPU
		{3FF29C53-1ABB-4641-B0CC-1C108C21ED19}.Release|Any CPU.ActiveCfg = Release|Any CPU
		{3FF29C53-1ABB-4641-B0CC-1C108C21ED19}.Release|Any CPU.Build.0 = Release|Any CPU
		{6C3CA297-864C-4A1E-80DE-BE17BDC7460B}.Debug|Any CPU.ActiveCfg = Debug|Any CPU
		{6C3CA297-864C-4A1E-80DE-BE17BDC7460B}.Debug|Any CPU.Build.0 = Debug|Any CPU
		{6C3CA297-864C-4A1E-80DE-BE17BDC7460B}.Release|Any CPU.ActiveCfg = Release|Any CPU
		{6C3CA297-864C-4A1E-80DE-BE17BDC7460B}.Release|Any CPU.Build.0 = Release|Any CPU
	EndGlobalSection
	GlobalSection(SolutionProperties) = preSolution
		HideSolutionNode = FALSE
	EndGlobalSection
	GlobalSection(NestedProjects) = preSolution
		{BD6F58C5-09C0-4EE9-857C-ECCFD6280940} = {3999AE17-53F4-4CD7-92B4-F99D86173A99}
		{3999AE17-53F4-4CD7-92B4-F99D86173A99} = {CFD126E1-D006-4440-96AF-92900C7EBA9A}
		{1DB9BEDF-8F6D-4F0D-8F95-BF8D7B0778D9} = {CFD126E1-D006-4440-96AF-92900C7EBA9A}
		{7D798693-285C-41C4-AAD3-B385FBA56A55} = {1DB9BEDF-8F6D-4F0D-8F95-BF8D7B0778D9}
		{4F9773E4-9CA0-4A24-9BC9-E81EEBEC43AC} = {CFD126E1-D006-4440-96AF-92900C7EBA9A}
		{26547F52-A0ED-4AF6-98F8-9AC298B49FF4} = {4F9773E4-9CA0-4A24-9BC9-E81EEBEC43AC}
		{8878D4F4-D695-42A7-9C4B-2CC5B15D6900} = {CFD126E1-D006-4440-96AF-92900C7EBA9A}
		{65B0A665-A64C-4B51-900B-B84F608C923F} = {8878D4F4-D695-42A7-9C4B-2CC5B15D6900}
		{3FF29C53-1ABB-4641-B0CC-1C108C21ED19} = {0956D6FC-F3D7-4F7C-B700-BBB75FCF869C}
		{0956D6FC-F3D7-4F7C-B700-BBB75FCF869C} = {9D9058DE-5EE0-4B85-8840-55EA7C5725EB}
		{64D15DF9-C24D-4990-BBCA-8D1683FD926D} = {9D9058DE-5EE0-4B85-8840-55EA7C5725EB}
		{6C3CA297-864C-4A1E-80DE-BE17BDC7460B} = {64D15DF9-C24D-4990-BBCA-8D1683FD926D}
	EndGlobalSection
	GlobalSection(ExtensibilityGlobals) = postSolution
		SolutionGuid = {42DAD4E2-FD2E-4695-9038-090E2F39D46E}
	EndGlobalSection
EndGlobal
