
Microsoft Visual Studio Solution File, Format Version 12.00
# Visual Studio Version 16
VisualStudioVersion = 16.0.30804.86
MinimumVisualStudioVersion = 10.0.40219.1
Project("{FAE04EC0-301F-11D3-BF4B-00C04F79EFBC}") = "Задача E", "Задача E\Задача E.csproj", "{D29438B9-540A-4998-9DF8-7457F628AA73}"
EndProject
Global
	GlobalSection(SolutionConfigurationPlatforms) = preSolution
		Debug|Any CPU = Debug|Any CPU
		Release|Any CPU = Release|Any CPU
	EndGlobalSection
	GlobalSection(ProjectConfigurationPlatforms) = postSolution
		{D29438B9-540A-4998-9DF8-7457F628AA73}.Debug|Any CPU.ActiveCfg = Debug|Any CPU
		{D29438B9-540A-4998-9DF8-7457F628AA73}.Debug|Any CPU.Build.0 = Debug|Any CPU
		{D29438B9-540A-4998-9DF8-7457F628AA73}.Release|Any CPU.ActiveCfg = Release|Any CPU
		{D29438B9-540A-4998-9DF8-7457F628AA73}.Release|Any CPU.Build.0 = Release|Any CPU
	EndGlobalSection
	GlobalSection(SolutionProperties) = preSolution
		HideSolutionNode = FALSE
	EndGlobalSection
	GlobalSection(ExtensibilityGlobals) = postSolution
		SolutionGuid = {497D46C8-3778-4CD9-97FD-198ADEE5D35B}
	EndGlobalSection
EndGlobal
