
Microsoft Visual Studio Solution File, Format Version 12.00
# Visual Studio Version 16
VisualStudioVersion = 16.0.30503.244
MinimumVisualStudioVersion = 10.0.40219.1
Project("{FAE04EC0-301F-11D3-BF4B-00C04F79EFBC}") = "Lab_4", "Lab_4\Lab_4.csproj", "{EBA17D60-12F2-49D9-9F5C-DF3BEDE4C97D}"
EndProject
Global
	GlobalSection(SolutionConfigurationPlatforms) = preSolution
		Debug|Any CPU = Debug|Any CPU
		Release|Any CPU = Release|Any CPU
	EndGlobalSection
	GlobalSection(ProjectConfigurationPlatforms) = postSolution
		{EBA17D60-12F2-49D9-9F5C-DF3BEDE4C97D}.Debug|Any CPU.ActiveCfg = Debug|Any CPU
		{EBA17D60-12F2-49D9-9F5C-DF3BEDE4C97D}.Debug|Any CPU.Build.0 = Debug|Any CPU
		{EBA17D60-12F2-49D9-9F5C-DF3BEDE4C97D}.Release|Any CPU.ActiveCfg = Release|Any CPU
		{EBA17D60-12F2-49D9-9F5C-DF3BEDE4C97D}.Release|Any CPU.Build.0 = Release|Any CPU
	EndGlobalSection
	GlobalSection(SolutionProperties) = preSolution
		HideSolutionNode = FALSE
	EndGlobalSection
	GlobalSection(ExtensibilityGlobals) = postSolution
		SolutionGuid = {28F556CD-FB23-48BB-B041-06A959221A29}
	EndGlobalSection
EndGlobal
