
Microsoft Visual Studio Solution File, Format Version 12.00
# Visual Studio Version 16
VisualStudioVersion = 16.0.31129.286
MinimumVisualStudioVersion = 10.0.40219.1
Project("{FAE04EC0-301F-11D3-BF4B-00C04F79EFBC}") = "Лабораторна робота 2", "Лабораторна робота 2.csproj", "{312CCBB0-3089-4A48-8E62-C522568E8493}"
EndProject
Global
	GlobalSection(SolutionConfigurationPlatforms) = preSolution
		Debug|Any CPU = Debug|Any CPU
		Release|Any CPU = Release|Any CPU
	EndGlobalSection
	GlobalSection(ProjectConfigurationPlatforms) = postSolution
		{312CCBB0-3089-4A48-8E62-C522568E8493}.Debug|Any CPU.ActiveCfg = Debug|Any CPU
		{312CCBB0-3089-4A48-8E62-C522568E8493}.Debug|Any CPU.Build.0 = Debug|Any CPU
		{312CCBB0-3089-4A48-8E62-C522568E8493}.Release|Any CPU.ActiveCfg = Release|Any CPU
		{312CCBB0-3089-4A48-8E62-C522568E8493}.Release|Any CPU.Build.0 = Release|Any CPU
	EndGlobalSection
	GlobalSection(SolutionProperties) = preSolution
		HideSolutionNode = FALSE
	EndGlobalSection
	GlobalSection(ExtensibilityGlobals) = postSolution
		SolutionGuid = {F7E56375-03AC-41C7-918E-74F6BFBC6D00}
	EndGlobalSection
EndGlobal
