
Microsoft Visual Studio Solution File, Format Version 12.00
# Visual Studio Version 16
VisualStudioVersion = 16.0.30503.244
MinimumVisualStudioVersion = 10.0.40219.1
Project("{FAE04EC0-301F-11D3-BF4B-00C04F79EFBC}") = "Задача B", "Задача B\Задача B.csproj", "{512FDB2B-BFF6-4E24-9CE8-4E486943E1ED}"
EndProject
Global
	GlobalSection(SolutionConfigurationPlatforms) = preSolution
		Debug|Any CPU = Debug|Any CPU
		Release|Any CPU = Release|Any CPU
	EndGlobalSection
	GlobalSection(ProjectConfigurationPlatforms) = postSolution
		{512FDB2B-BFF6-4E24-9CE8-4E486943E1ED}.Debug|Any CPU.ActiveCfg = Debug|Any CPU
		{512FDB2B-BFF6-4E24-9CE8-4E486943E1ED}.Debug|Any CPU.Build.0 = Debug|Any CPU
		{512FDB2B-BFF6-4E24-9CE8-4E486943E1ED}.Release|Any CPU.ActiveCfg = Release|Any CPU
		{512FDB2B-BFF6-4E24-9CE8-4E486943E1ED}.Release|Any CPU.Build.0 = Release|Any CPU
	EndGlobalSection
	GlobalSection(SolutionProperties) = preSolution
		HideSolutionNode = FALSE
	EndGlobalSection
	GlobalSection(ExtensibilityGlobals) = postSolution
		SolutionGuid = {A18C9321-26EF-43B6-AFCE-5C4B1B235022}
	EndGlobalSection
EndGlobal
